// !$*UTF8*$!
{
	archiveVersion = 1;
	classes = {
	};
	objectVersion = 46;
	objects = {

/* Begin PBXBuildFile section */
		BD1FF966DE71BA0B67F3F6BE /* Pods_SecondTarget.framework in Frameworks */ = {isa = PBXBuildFile; fileRef = 5A64661A3ED80E2D2384CE6C /* Pods_SecondTarget.framework */; };
		EC69299864AF496AC408F359 /* Pods_FirstTarget.framework in Frameworks */ = {isa = PBXBuildFile; fileRef = 8A488D7D84FE7FC891693479 /* Pods_FirstTarget.framework */; };
		F79B291E1F3D45C100281DF3 /* main.m in Sources */ = {isa = PBXBuildFile; fileRef = F79B291D1F3D45C100281DF3 /* main.m */; };
		F79B29211F3D45C100281DF3 /* AppDelegate.m in Sources */ = {isa = PBXBuildFile; fileRef = F79B29201F3D45C100281DF3 /* AppDelegate.m */; };
		F79B29241F3D45C200281DF3 /* ViewController.m in Sources */ = {isa = PBXBuildFile; fileRef = F79B29231F3D45C200281DF3 /* ViewController.m */; };
		F79B29271F3D45C200281DF3 /* Main.storyboard in Resources */ = {isa = PBXBuildFile; fileRef = F79B29251F3D45C200281DF3 /* Main.storyboard */; };
		F79B29371F3D45C200281DF3 /* AProjectManyTargetsTests.m in Sources */ = {isa = PBXBuildFile; fileRef = F79B29361F3D45C200281DF3 /* AProjectManyTargetsTests.m */; };
		F79B29421F3D45C200281DF3 /* AProjectManyTargetsUITests.m in Sources */ = {isa = PBXBuildFile; fileRef = F79B29411F3D45C200281DF3 /* AProjectManyTargetsUITests.m */; };
		F79B29511F3D460300281DF3 /* ViewController.m in Sources */ = {isa = PBXBuildFile; fileRef = F79B29231F3D45C200281DF3 /* ViewController.m */; };
		F79B29521F3D460300281DF3 /* AppDelegate.m in Sources */ = {isa = PBXBuildFile; fileRef = F79B29201F3D45C100281DF3 /* AppDelegate.m */; };
		F79B29531F3D460300281DF3 /* main.m in Sources */ = {isa = PBXBuildFile; fileRef = F79B291D1F3D45C100281DF3 /* main.m */; };
		F79B29581F3D460300281DF3 /* Main.storyboard in Resources */ = {isa = PBXBuildFile; fileRef = F79B29251F3D45C200281DF3 /* Main.storyboard */; };
		F79B29661F3D829600281DF3 /* FirstTarget-LaunchScreen.storyboard in Resources */ = {isa = PBXBuildFile; fileRef = F79B29651F3D829600281DF3 /* FirstTarget-LaunchScreen.storyboard */; };
		F79B29681F3D82B500281DF3 /* SecondTarget-LaunchScreen.storyboard in Resources */ = {isa = PBXBuildFile; fileRef = F79B29671F3D82B500281DF3 /* SecondTarget-LaunchScreen.storyboard */; };
		F79B296D1F3D96BC00281DF3 /* DemoViewController.m in Sources */ = {isa = PBXBuildFile; fileRef = F79B296B1F3D96BC00281DF3 /* DemoViewController.m */; };
		F79B296E1F3D96BC00281DF3 /* DemoViewController.xib in Resources */ = {isa = PBXBuildFile; fileRef = F79B296C1F3D96BC00281DF3 /* DemoViewController.xib */; };
		F79B296F1F3D980900281DF3 /* DemoViewController.m in Sources */ = {isa = PBXBuildFile; fileRef = F79B296B1F3D96BC00281DF3 /* DemoViewController.m */; };
		F79B29701F3D980C00281DF3 /* DemoViewController.xib in Resources */ = {isa = PBXBuildFile; fileRef = F79B296C1F3D96BC00281DF3 /* DemoViewController.xib */; };
		F79B29721F3DA09700281DF3 /* Assets.xcassets in Resources */ = {isa = PBXBuildFile; fileRef = F79B29281F3D45C200281DF3 /* Assets.xcassets */; };
		F79B29731F3DA17400281DF3 /* Assets.xcassets in Resources */ = {isa = PBXBuildFile; fileRef = F79B29281F3D45C200281DF3 /* Assets.xcassets */; };
		F7A616401F428C9C0032F4FE /* NewAppDelegate.m in Sources */ = {isa = PBXBuildFile; fileRef = F7A6163F1F428C9C0032F4FE /* NewAppDelegate.m */; };
		F7A6164B1F428C9C0032F4FE /* LaunchScreen.storyboard in Resources */ = {isa = PBXBuildFile; fileRef = F7A616491F428C9C0032F4FE /* LaunchScreen.storyboard */; };
		F7A616561F428C9C0032F4FE /* NewTargetTests.m in Sources */ = {isa = PBXBuildFile; fileRef = F7A616551F428C9C0032F4FE /* NewTargetTests.m */; };
		F7A616611F428C9C0032F4FE /* NewTargetUITests.m in Sources */ = {isa = PBXBuildFile; fileRef = F7A616601F428C9C0032F4FE /* NewTargetUITests.m */; };
		F7A6166E1F4298410032F4FE /* main.m in Sources */ = {isa = PBXBuildFile; fileRef = F7A6166D1F4298410032F4FE /* main.m */; };
		F7A6166F1F429C9B0032F4FE /* Assets.xcassets in Resources */ = {isa = PBXBuildFile; fileRef = F79B29281F3D45C200281DF3 /* Assets.xcassets */; };
		F7A616701F42A39A0032F4FE /* AppDelegate.m in Sources */ = {isa = PBXBuildFile; fileRef = F79B29201F3D45C100281DF3 /* AppDelegate.m */; };
		F7A616711F42A39D0032F4FE /* ViewController.m in Sources */ = {isa = PBXBuildFile; fileRef = F79B29231F3D45C200281DF3 /* ViewController.m */; };
		F7A616721F42A3A00032F4FE /* DemoViewController.m in Sources */ = {isa = PBXBuildFile; fileRef = F79B296B1F3D96BC00281DF3 /* DemoViewController.m */; };
		F7A616731F42A3A60032F4FE /* DemoViewController.xib in Resources */ = {isa = PBXBuildFile; fileRef = F79B296C1F3D96BC00281DF3 /* DemoViewController.xib */; };
		F7A616741F42A3AC0032F4FE /* Main.storyboard in Resources */ = {isa = PBXBuildFile; fileRef = F79B29251F3D45C200281DF3 /* Main.storyboard */; };
		F7A6167C1F42D4580032F4FE /* AppDelegate.swift in Sources */ = {isa = PBXBuildFile; fileRef = F7A6167B1F42D4580032F4FE /* AppDelegate.swift */; };
		F7A6167E1F42D4590032F4FE /* ViewController.swift in Sources */ = {isa = PBXBuildFile; fileRef = F7A6167D1F42D4590032F4FE /* ViewController.swift */; };
		F7A616811F42D4590032F4FE /* Main.storyboard in Resources */ = {isa = PBXBuildFile; fileRef = F7A6167F1F42D4590032F4FE /* Main.storyboard */; };
		F7A616831F42D4590032F4FE /* Assets.xcassets in Resources */ = {isa = PBXBuildFile; fileRef = F7A616821F42D4590032F4FE /* Assets.xcassets */; };
		F7A616861F42D4590032F4FE /* LaunchScreen.storyboard in Resources */ = {isa = PBXBuildFile; fileRef = F7A616841F42D4590032F4FE /* LaunchScreen.storyboard */; };
		F7A616911F42D4590032F4FE /* SwiftTargetTests.swift in Sources */ = {isa = PBXBuildFile; fileRef = F7A616901F42D4590032F4FE /* SwiftTargetTests.swift */; };
		F7A6169C1F42D4590032F4FE /* SwiftTargetUITests.swift in Sources */ = {isa = PBXBuildFile; fileRef = F7A6169B1F42D4590032F4FE /* SwiftTargetUITests.swift */; };
		F7A616AA1F42DB5A0032F4FE /* ViewController.swift in Sources */ = {isa = PBXBuildFile; fileRef = F7A6167D1F42D4590032F4FE /* ViewController.swift */; };
		F7A616AB1F42DB5A0032F4FE /* AppDelegate.swift in Sources */ = {isa = PBXBuildFile; fileRef = F7A6167B1F42D4580032F4FE /* AppDelegate.swift */; };
		F7A616AF1F42DB5A0032F4FE /* LaunchScreen.storyboard in Resources */ = {isa = PBXBuildFile; fileRef = F7A616841F42D4590032F4FE /* LaunchScreen.storyboard */; };
		F7A616B01F42DB5A0032F4FE /* Assets.xcassets in Resources */ = {isa = PBXBuildFile; fileRef = F7A616821F42D4590032F4FE /* Assets.xcassets */; };
		F7A616B11F42DB5A0032F4FE /* Main.storyboard in Resources */ = {isa = PBXBuildFile; fileRef = F7A6167F1F42D4590032F4FE /* Main.storyboard */; };
/* End PBXBuildFile section */

/* Begin PBXContainerItemProxy section */
		F79B29331F3D45C200281DF3 /* PBXContainerItemProxy */ = {
			isa = PBXContainerItemProxy;
			containerPortal = F79B29111F3D45C100281DF3 /* Project object */;
			proxyType = 1;
			remoteGlobalIDString = F79B29181F3D45C100281DF3;
			remoteInfo = AProjectManyTargets;
		};
		F79B293E1F3D45C200281DF3 /* PBXContainerItemProxy */ = {
			isa = PBXContainerItemProxy;
			containerPortal = F79B29111F3D45C100281DF3 /* Project object */;
			proxyType = 1;
			remoteGlobalIDString = F79B29181F3D45C100281DF3;
			remoteInfo = AProjectManyTargets;
		};
		F7A616521F428C9C0032F4FE /* PBXContainerItemProxy */ = {
			isa = PBXContainerItemProxy;
			containerPortal = F79B29111F3D45C100281DF3 /* Project object */;
			proxyType = 1;
			remoteGlobalIDString = F7A616381F428C9C0032F4FE;
			remoteInfo = NewTarget;
		};
		F7A6165D1F428C9C0032F4FE /* PBXContainerItemProxy */ = {
			isa = PBXContainerItemProxy;
			containerPortal = F79B29111F3D45C100281DF3 /* Project object */;
			proxyType = 1;
			remoteGlobalIDString = F7A616381F428C9C0032F4FE;
			remoteInfo = NewTarget;
		};
		F7A6168D1F42D4590032F4FE /* PBXContainerItemProxy */ = {
			isa = PBXContainerItemProxy;
			containerPortal = F79B29111F3D45C100281DF3 /* Project object */;
			proxyType = 1;
			remoteGlobalIDString = F7A616781F42D4580032F4FE;
			remoteInfo = SwiftTarget;
		};
		F7A616981F42D4590032F4FE /* PBXContainerItemProxy */ = {
			isa = PBXContainerItemProxy;
			containerPortal = F79B29111F3D45C100281DF3 /* Project object */;
			proxyType = 1;
			remoteGlobalIDString = F7A616781F42D4580032F4FE;
			remoteInfo = SwiftTarget;
		};
/* End PBXContainerItemProxy section */

/* Begin PBXFileReference section */
		0755FA0E85C976B42C144F6C /* Pods-FirstTarget.release.xcconfig */ = {isa = PBXFileReference; includeInIndex = 1; lastKnownFileType = text.xcconfig; name = "Pods-FirstTarget.release.xcconfig"; path = "Pods/Target Support Files/Pods-FirstTarget/Pods-FirstTarget.release.xcconfig"; sourceTree = "<group>"; };
		5A64661A3ED80E2D2384CE6C /* Pods_SecondTarget.framework */ = {isa = PBXFileReference; explicitFileType = wrapper.framework; includeInIndex = 0; path = Pods_SecondTarget.framework; sourceTree = BUILT_PRODUCTS_DIR; };
		6A5F2A060F4C55BE6D894D39 /* Pods-SecondTarget.release.xcconfig */ = {isa = PBXFileReference; includeInIndex = 1; lastKnownFileType = text.xcconfig; name = "Pods-SecondTarget.release.xcconfig"; path = "Pods/Target Support Files/Pods-SecondTarget/Pods-SecondTarget.release.xcconfig"; sourceTree = "<group>"; };
		83FCD31A729F7FE19A4C44ED /* Pods-SecondTarget.debug.xcconfig */ = {isa = PBXFileReference; includeInIndex = 1; lastKnownFileType = text.xcconfig; name = "Pods-SecondTarget.debug.xcconfig"; path = "Pods/Target Support Files/Pods-SecondTarget/Pods-SecondTarget.debug.xcconfig"; sourceTree = "<group>"; };
		8A488D7D84FE7FC891693479 /* Pods_FirstTarget.framework */ = {isa = PBXFileReference; explicitFileType = wrapper.framework; includeInIndex = 0; path = Pods_FirstTarget.framework; sourceTree = BUILT_PRODUCTS_DIR; };
		9B056D8B8BD1E50D4E47F806 /* Pods-FirstTarget.debug.xcconfig */ = {isa = PBXFileReference; includeInIndex = 1; lastKnownFileType = text.xcconfig; name = "Pods-FirstTarget.debug.xcconfig"; path = "Pods/Target Support Files/Pods-FirstTarget/Pods-FirstTarget.debug.xcconfig"; sourceTree = "<group>"; };
		F79B29191F3D45C100281DF3 /* FirstTarget.app */ = {isa = PBXFileReference; explicitFileType = wrapper.application; includeInIndex = 0; path = FirstTarget.app; sourceTree = BUILT_PRODUCTS_DIR; };
		F79B291D1F3D45C100281DF3 /* main.m */ = {isa = PBXFileReference; lastKnownFileType = sourcecode.c.objc; path = main.m; sourceTree = "<group>"; };
		F79B291F1F3D45C100281DF3 /* AppDelegate.h */ = {isa = PBXFileReference; lastKnownFileType = sourcecode.c.h; path = AppDelegate.h; sourceTree = "<group>"; };
		F79B29201F3D45C100281DF3 /* AppDelegate.m */ = {isa = PBXFileReference; lastKnownFileType = sourcecode.c.objc; path = AppDelegate.m; sourceTree = "<group>"; };
		F79B29221F3D45C200281DF3 /* ViewController.h */ = {isa = PBXFileReference; lastKnownFileType = sourcecode.c.h; path = ViewController.h; sourceTree = "<group>"; };
		F79B29231F3D45C200281DF3 /* ViewController.m */ = {isa = PBXFileReference; lastKnownFileType = sourcecode.c.objc; path = ViewController.m; sourceTree = "<group>"; };
		F79B29261F3D45C200281DF3 /* Base */ = {isa = PBXFileReference; lastKnownFileType = file.storyboard; name = Base; path = Base.lproj/Main.storyboard; sourceTree = "<group>"; };
		F79B29281F3D45C200281DF3 /* Assets.xcassets */ = {isa = PBXFileReference; lastKnownFileType = folder.assetcatalog; path = Assets.xcassets; sourceTree = "<group>"; };
		F79B29321F3D45C200281DF3 /* AProjectManyTargetsTests.xctest */ = {isa = PBXFileReference; explicitFileType = wrapper.cfbundle; includeInIndex = 0; path = AProjectManyTargetsTests.xctest; sourceTree = BUILT_PRODUCTS_DIR; };
		F79B29361F3D45C200281DF3 /* AProjectManyTargetsTests.m */ = {isa = PBXFileReference; lastKnownFileType = sourcecode.c.objc; path = AProjectManyTargetsTests.m; sourceTree = "<group>"; };
		F79B29381F3D45C200281DF3 /* Info.plist */ = {isa = PBXFileReference; lastKnownFileType = text.plist.xml; path = Info.plist; sourceTree = "<group>"; };
		F79B293D1F3D45C200281DF3 /* AProjectManyTargetsUITests.xctest */ = {isa = PBXFileReference; explicitFileType = wrapper.cfbundle; includeInIndex = 0; path = AProjectManyTargetsUITests.xctest; sourceTree = BUILT_PRODUCTS_DIR; };
		F79B29411F3D45C200281DF3 /* AProjectManyTargetsUITests.m */ = {isa = PBXFileReference; lastKnownFileType = sourcecode.c.objc; path = AProjectManyTargetsUITests.m; sourceTree = "<group>"; };
		F79B29431F3D45C200281DF3 /* Info.plist */ = {isa = PBXFileReference; lastKnownFileType = text.plist.xml; path = Info.plist; sourceTree = "<group>"; };
		F79B295C1F3D460300281DF3 /* SecondTarget.app */ = {isa = PBXFileReference; explicitFileType = wrapper.application; includeInIndex = 0; path = SecondTarget.app; sourceTree = BUILT_PRODUCTS_DIR; };
		F79B29611F3D599C00281DF3 /* SecondTarget-Info.plist */ = {isa = PBXFileReference; fileEncoding = 4; lastKnownFileType = text.plist.xml; path = "SecondTarget-Info.plist"; sourceTree = "<group>"; };
		F79B29631F3D5A0B00281DF3 /* FirstTarget-Info.plist */ = {isa = PBXFileReference; fileEncoding = 4; lastKnownFileType = text.plist.xml; path = "FirstTarget-Info.plist"; sourceTree = "<group>"; };
		F79B29651F3D829600281DF3 /* FirstTarget-LaunchScreen.storyboard */ = {isa = PBXFileReference; fileEncoding = 4; lastKnownFileType = file.storyboard; path = "FirstTarget-LaunchScreen.storyboard"; sourceTree = "<group>"; };
		F79B29671F3D82B500281DF3 /* SecondTarget-LaunchScreen.storyboard */ = {isa = PBXFileReference; fileEncoding = 4; lastKnownFileType = file.storyboard; path = "SecondTarget-LaunchScreen.storyboard"; sourceTree = "<group>"; };
		F79B296A1F3D96BC00281DF3 /* DemoViewController.h */ = {isa = PBXFileReference; fileEncoding = 4; lastKnownFileType = sourcecode.c.h; path = DemoViewController.h; sourceTree = "<group>"; };
		F79B296B1F3D96BC00281DF3 /* DemoViewController.m */ = {isa = PBXFileReference; fileEncoding = 4; lastKnownFileType = sourcecode.c.objc; path = DemoViewController.m; sourceTree = "<group>"; };
		F79B296C1F3D96BC00281DF3 /* DemoViewController.xib */ = {isa = PBXFileReference; fileEncoding = 4; lastKnownFileType = file.xib; path = DemoViewController.xib; sourceTree = "<group>"; };
		F7A616391F428C9C0032F4FE /* NewTarget.app */ = {isa = PBXFileReference; explicitFileType = wrapper.application; includeInIndex = 0; path = NewTarget.app; sourceTree = BUILT_PRODUCTS_DIR; };
		F7A6163E1F428C9C0032F4FE /* NewAppDelegate.h */ = {isa = PBXFileReference; lastKnownFileType = sourcecode.c.h; path = NewAppDelegate.h; sourceTree = "<group>"; };
		F7A6163F1F428C9C0032F4FE /* NewAppDelegate.m */ = {isa = PBXFileReference; lastKnownFileType = sourcecode.c.objc; path = NewAppDelegate.m; sourceTree = "<group>"; };
		F7A6164A1F428C9C0032F4FE /* Base */ = {isa = PBXFileReference; lastKnownFileType = file.storyboard; name = Base; path = Base.lproj/LaunchScreen.storyboard; sourceTree = "<group>"; };
		F7A6164C1F428C9C0032F4FE /* Info.plist */ = {isa = PBXFileReference; lastKnownFileType = text.plist.xml; path = Info.plist; sourceTree = "<group>"; };
		F7A616511F428C9C0032F4FE /* NewTargetTests.xctest */ = {isa = PBXFileReference; explicitFileType = wrapper.cfbundle; includeInIndex = 0; path = NewTargetTests.xctest; sourceTree = BUILT_PRODUCTS_DIR; };
		F7A616551F428C9C0032F4FE /* NewTargetTests.m */ = {isa = PBXFileReference; lastKnownFileType = sourcecode.c.objc; path = NewTargetTests.m; sourceTree = "<group>"; };
		F7A616571F428C9C0032F4FE /* Info.plist */ = {isa = PBXFileReference; lastKnownFileType = text.plist.xml; path = Info.plist; sourceTree = "<group>"; };
		F7A6165C1F428C9C0032F4FE /* NewTargetUITests.xctest */ = {isa = PBXFileReference; explicitFileType = wrapper.cfbundle; includeInIndex = 0; path = NewTargetUITests.xctest; sourceTree = BUILT_PRODUCTS_DIR; };
		F7A616601F428C9C0032F4FE /* NewTargetUITests.m */ = {isa = PBXFileReference; lastKnownFileType = sourcecode.c.objc; path = NewTargetUITests.m; sourceTree = "<group>"; };
		F7A616621F428C9C0032F4FE /* Info.plist */ = {isa = PBXFileReference; lastKnownFileType = text.plist.xml; path = Info.plist; sourceTree = "<group>"; };
		F7A6166D1F4298410032F4FE /* main.m */ = {isa = PBXFileReference; fileEncoding = 4; lastKnownFileType = sourcecode.c.objc; path = main.m; sourceTree = "<group>"; };
		F7A616791F42D4580032F4FE /* SwiftTarget.app */ = {isa = PBXFileReference; explicitFileType = wrapper.application; includeInIndex = 0; path = SwiftTarget.app; sourceTree = BUILT_PRODUCTS_DIR; };
		F7A6167B1F42D4580032F4FE /* AppDelegate.swift */ = {isa = PBXFileReference; lastKnownFileType = sourcecode.swift; path = AppDelegate.swift; sourceTree = "<group>"; };
		F7A6167D1F42D4590032F4FE /* ViewController.swift */ = {isa = PBXFileReference; lastKnownFileType = sourcecode.swift; path = ViewController.swift; sourceTree = "<group>"; };
		F7A616801F42D4590032F4FE /* Base */ = {isa = PBXFileReference; lastKnownFileType = file.storyboard; name = Base; path = Base.lproj/Main.storyboard; sourceTree = "<group>"; };
		F7A616821F42D4590032F4FE /* Assets.xcassets */ = {isa = PBXFileReference; lastKnownFileType = folder.assetcatalog; path = Assets.xcassets; sourceTree = "<group>"; };
		F7A616851F42D4590032F4FE /* Base */ = {isa = PBXFileReference; lastKnownFileType = file.storyboard; name = Base; path = Base.lproj/LaunchScreen.storyboard; sourceTree = "<group>"; };
		F7A616871F42D4590032F4FE /* Info.plist */ = {isa = PBXFileReference; lastKnownFileType = text.plist.xml; path = Info.plist; sourceTree = "<group>"; };
		F7A6168C1F42D4590032F4FE /* SwiftTargetTests.xctest */ = {isa = PBXFileReference; explicitFileType = wrapper.cfbundle; includeInIndex = 0; path = SwiftTargetTests.xctest; sourceTree = BUILT_PRODUCTS_DIR; };
		F7A616901F42D4590032F4FE /* SwiftTargetTests.swift */ = {isa = PBXFileReference; lastKnownFileType = sourcecode.swift; path = SwiftTargetTests.swift; sourceTree = "<group>"; };
		F7A616921F42D4590032F4FE /* Info.plist */ = {isa = PBXFileReference; lastKnownFileType = text.plist.xml; path = Info.plist; sourceTree = "<group>"; };
		F7A616971F42D4590032F4FE /* SwiftTargetUITests.xctest */ = {isa = PBXFileReference; explicitFileType = wrapper.cfbundle; includeInIndex = 0; path = SwiftTargetUITests.xctest; sourceTree = BUILT_PRODUCTS_DIR; };
		F7A6169B1F42D4590032F4FE /* SwiftTargetUITests.swift */ = {isa = PBXFileReference; lastKnownFileType = sourcecode.swift; path = SwiftTargetUITests.swift; sourceTree = "<group>"; };
		F7A6169D1F42D4590032F4FE /* Info.plist */ = {isa = PBXFileReference; lastKnownFileType = text.plist.xml; path = Info.plist; sourceTree = "<group>"; };
		F7A616B51F42DB5A0032F4FE /* AnotherSwiftTarget.app */ = {isa = PBXFileReference; explicitFileType = wrapper.application; includeInIndex = 0; path = AnotherSwiftTarget.app; sourceTree = BUILT_PRODUCTS_DIR; };
		F7A616B71F42DC410032F4FE /* AnotherSwiftTarget-Info.plist */ = {isa = PBXFileReference; fileEncoding = 4; lastKnownFileType = text.plist.xml; path = "AnotherSwiftTarget-Info.plist"; sourceTree = "<group>"; };
/* End PBXFileReference section */

/* Begin PBXFrameworksBuildPhase section */
		F79B29161F3D45C100281DF3 /* Frameworks */ = {
			isa = PBXFrameworksBuildPhase;
			buildActionMask = 2147483647;
			files = (
				EC69299864AF496AC408F359 /* Pods_FirstTarget.framework in Frameworks */,
			);
			runOnlyForDeploymentPostprocessing = 0;
		};
		F79B292F1F3D45C200281DF3 /* Frameworks */ = {
			isa = PBXFrameworksBuildPhase;
			buildActionMask = 2147483647;
			files = (
			);
			runOnlyForDeploymentPostprocessing = 0;
		};
		F79B293A1F3D45C200281DF3 /* Frameworks */ = {
			isa = PBXFrameworksBuildPhase;
			buildActionMask = 2147483647;
			files = (
			);
			runOnlyForDeploymentPostprocessing = 0;
		};
		F79B29541F3D460300281DF3 /* Frameworks */ = {
			isa = PBXFrameworksBuildPhase;
			buildActionMask = 2147483647;
			files = (
				BD1FF966DE71BA0B67F3F6BE /* Pods_SecondTarget.framework in Frameworks */,
			);
			runOnlyForDeploymentPostprocessing = 0;
		};
		F7A616361F428C9C0032F4FE /* Frameworks */ = {
			isa = PBXFrameworksBuildPhase;
			buildActionMask = 2147483647;
			files = (
			);
			runOnlyForDeploymentPostprocessing = 0;
		};
		F7A6164E1F428C9C0032F4FE /* Frameworks */ = {
			isa = PBXFrameworksBuildPhase;
			buildActionMask = 2147483647;
			files = (
			);
			runOnlyForDeploymentPostprocessing = 0;
		};
		F7A616591F428C9C0032F4FE /* Frameworks */ = {
			isa = PBXFrameworksBuildPhase;
			buildActionMask = 2147483647;
			files = (
			);
			runOnlyForDeploymentPostprocessing = 0;
		};
		F7A616761F42D4580032F4FE /* Frameworks */ = {
			isa = PBXFrameworksBuildPhase;
			buildActionMask = 2147483647;
			files = (
			);
			runOnlyForDeploymentPostprocessing = 0;
		};
		F7A616891F42D4590032F4FE /* Frameworks */ = {
			isa = PBXFrameworksBuildPhase;
			buildActionMask = 2147483647;
			files = (
			);
			runOnlyForDeploymentPostprocessing = 0;
		};
		F7A616941F42D4590032F4FE /* Frameworks */ = {
			isa = PBXFrameworksBuildPhase;
			buildActionMask = 2147483647;
			files = (
			);
			runOnlyForDeploymentPostprocessing = 0;
		};
		F7A616AC1F42DB5A0032F4FE /* Frameworks */ = {
			isa = PBXFrameworksBuildPhase;
			buildActionMask = 2147483647;
			files = (
			);
			runOnlyForDeploymentPostprocessing = 0;
		};
/* End PBXFrameworksBuildPhase section */

/* Begin PBXGroup section */
		1A938DADDA938BAB53052122 /* Pods */ = {
			isa = PBXGroup;
			children = (
				9B056D8B8BD1E50D4E47F806 /* Pods-FirstTarget.debug.xcconfig */,
				0755FA0E85C976B42C144F6C /* Pods-FirstTarget.release.xcconfig */,
				83FCD31A729F7FE19A4C44ED /* Pods-SecondTarget.debug.xcconfig */,
				6A5F2A060F4C55BE6D894D39 /* Pods-SecondTarget.release.xcconfig */,
			);
			name = Pods;
			sourceTree = "<group>";
		};
		76D797DE53D458BB647BBAC1 /* Frameworks */ = {
			isa = PBXGroup;
			children = (
				8A488D7D84FE7FC891693479 /* Pods_FirstTarget.framework */,
				5A64661A3ED80E2D2384CE6C /* Pods_SecondTarget.framework */,
			);
			name = Frameworks;
			sourceTree = "<group>";
		};
		F79B29101F3D45C100281DF3 = {
			isa = PBXGroup;
			children = (
				F79B291B1F3D45C100281DF3 /* AProjectManyTargets */,
				F79B29351F3D45C200281DF3 /* AProjectManyTargetsTests */,
				F79B29401F3D45C200281DF3 /* AProjectManyTargetsUITests */,
				F7A6163A1F428C9C0032F4FE /* NewTarget */,
				F7A616541F428C9C0032F4FE /* NewTargetTests */,
				F7A6165F1F428C9C0032F4FE /* NewTargetUITests */,
				F7A6167A1F42D4580032F4FE /* SwiftTarget */,
				F7A6168F1F42D4590032F4FE /* SwiftTargetTests */,
				F7A6169A1F42D4590032F4FE /* SwiftTargetUITests */,
				F79B291A1F3D45C100281DF3 /* Products */,
				1A938DADDA938BAB53052122 /* Pods */,
				76D797DE53D458BB647BBAC1 /* Frameworks */,
			);
			sourceTree = "<group>";
		};
		F79B291A1F3D45C100281DF3 /* Products */ = {
			isa = PBXGroup;
			children = (
				F79B29191F3D45C100281DF3 /* FirstTarget.app */,
				F79B29321F3D45C200281DF3 /* AProjectManyTargetsTests.xctest */,
				F79B293D1F3D45C200281DF3 /* AProjectManyTargetsUITests.xctest */,
				F79B295C1F3D460300281DF3 /* SecondTarget.app */,
				F7A616391F428C9C0032F4FE /* NewTarget.app */,
				F7A616511F428C9C0032F4FE /* NewTargetTests.xctest */,
				F7A6165C1F428C9C0032F4FE /* NewTargetUITests.xctest */,
				F7A616791F42D4580032F4FE /* SwiftTarget.app */,
				F7A6168C1F42D4590032F4FE /* SwiftTargetTests.xctest */,
				F7A616971F42D4590032F4FE /* SwiftTargetUITests.xctest */,
				F7A616B51F42DB5A0032F4FE /* AnotherSwiftTarget.app */,
			);
			name = Products;
			sourceTree = "<group>";
		};
		F79B291B1F3D45C100281DF3 /* AProjectManyTargets */ = {
			isa = PBXGroup;
			children = (
				F79B295E1F3D4C1A00281DF3 /* TargetConfiguration */,
				F79B291F1F3D45C100281DF3 /* AppDelegate.h */,
				F79B29201F3D45C100281DF3 /* AppDelegate.m */,
				F79B29221F3D45C200281DF3 /* ViewController.h */,
				F79B29231F3D45C200281DF3 /* ViewController.m */,
				F79B296A1F3D96BC00281DF3 /* DemoViewController.h */,
				F79B296B1F3D96BC00281DF3 /* DemoViewController.m */,
				F79B296C1F3D96BC00281DF3 /* DemoViewController.xib */,
				F79B29251F3D45C200281DF3 /* Main.storyboard */,
				F79B29281F3D45C200281DF3 /* Assets.xcassets */,
				F79B291C1F3D45C100281DF3 /* Supporting Files */,
			);
			path = AProjectManyTargets;
			sourceTree = "<group>";
		};
		F79B291C1F3D45C100281DF3 /* Supporting Files */ = {
			isa = PBXGroup;
			children = (
				F79B291D1F3D45C100281DF3 /* main.m */,
			);
			name = "Supporting Files";
			sourceTree = "<group>";
		};
		F79B29351F3D45C200281DF3 /* AProjectManyTargetsTests */ = {
			isa = PBXGroup;
			children = (
				F79B29361F3D45C200281DF3 /* AProjectManyTargetsTests.m */,
				F79B29381F3D45C200281DF3 /* Info.plist */,
			);
			path = AProjectManyTargetsTests;
			sourceTree = "<group>";
		};
		F79B29401F3D45C200281DF3 /* AProjectManyTargetsUITests */ = {
			isa = PBXGroup;
			children = (
				F79B29411F3D45C200281DF3 /* AProjectManyTargetsUITests.m */,
				F79B29431F3D45C200281DF3 /* Info.plist */,
			);
			path = AProjectManyTargetsUITests;
			sourceTree = "<group>";
		};
		F79B295E1F3D4C1A00281DF3 /* TargetConfiguration */ = {
			isa = PBXGroup;
			children = (
				F79B295F1F3D519900281DF3 /* FirstTarget */,
				F79B29601F3D51A900281DF3 /* SecondTarget */,
			);
			path = TargetConfiguration;
			sourceTree = "<group>";
		};
		F79B295F1F3D519900281DF3 /* FirstTarget */ = {
			isa = PBXGroup;
			children = (
				F79B29651F3D829600281DF3 /* FirstTarget-LaunchScreen.storyboard */,
				F79B29631F3D5A0B00281DF3 /* FirstTarget-Info.plist */,
			);
			path = FirstTarget;
			sourceTree = "<group>";
		};
		F79B29601F3D51A900281DF3 /* SecondTarget */ = {
			isa = PBXGroup;
			children = (
				F79B29671F3D82B500281DF3 /* SecondTarget-LaunchScreen.storyboard */,
				F79B29611F3D599C00281DF3 /* SecondTarget-Info.plist */,
			);
			path = SecondTarget;
			sourceTree = "<group>";
		};
		F7A6163A1F428C9C0032F4FE /* NewTarget */ = {
			isa = PBXGroup;
			children = (
				F7A6163E1F428C9C0032F4FE /* NewAppDelegate.h */,
				F7A6163F1F428C9C0032F4FE /* NewAppDelegate.m */,
				F7A616491F428C9C0032F4FE /* LaunchScreen.storyboard */,
				F7A6164C1F428C9C0032F4FE /* Info.plist */,
				F7A6163B1F428C9C0032F4FE /* Supporting Files */,
			);
			path = NewTarget;
			sourceTree = "<group>";
		};
		F7A6163B1F428C9C0032F4FE /* Supporting Files */ = {
			isa = PBXGroup;
			children = (
				F7A6166D1F4298410032F4FE /* main.m */,
			);
			name = "Supporting Files";
			sourceTree = "<group>";
		};
		F7A616541F428C9C0032F4FE /* NewTargetTests */ = {
			isa = PBXGroup;
			children = (
				F7A616551F428C9C0032F4FE /* NewTargetTests.m */,
				F7A616571F428C9C0032F4FE /* Info.plist */,
			);
			path = NewTargetTests;
			sourceTree = "<group>";
		};
		F7A6165F1F428C9C0032F4FE /* NewTargetUITests */ = {
			isa = PBXGroup;
			children = (
				F7A616601F428C9C0032F4FE /* NewTargetUITests.m */,
				F7A616621F428C9C0032F4FE /* Info.plist */,
			);
			path = NewTargetUITests;
			sourceTree = "<group>";
		};
		F7A6167A1F42D4580032F4FE /* SwiftTarget */ = {
			isa = PBXGroup;
			children = (
				F7A6167B1F42D4580032F4FE /* AppDelegate.swift */,
				F7A6167D1F42D4590032F4FE /* ViewController.swift */,
				F7A6167F1F42D4590032F4FE /* Main.storyboard */,
				F7A616821F42D4590032F4FE /* Assets.xcassets */,
				F7A616841F42D4590032F4FE /* LaunchScreen.storyboard */,
				F7A616871F42D4590032F4FE /* Info.plist */,
				F7A616B71F42DC410032F4FE /* AnotherSwiftTarget-Info.plist */,
			);
			path = SwiftTarget;
			sourceTree = "<group>";
		};
		F7A6168F1F42D4590032F4FE /* SwiftTargetTests */ = {
			isa = PBXGroup;
			children = (
				F7A616901F42D4590032F4FE /* SwiftTargetTests.swift */,
				F7A616921F42D4590032F4FE /* Info.plist */,
			);
			path = SwiftTargetTests;
			sourceTree = "<group>";
		};
		F7A6169A1F42D4590032F4FE /* SwiftTargetUITests */ = {
			isa = PBXGroup;
			children = (
				F7A6169B1F42D4590032F4FE /* SwiftTargetUITests.swift */,
				F7A6169D1F42D4590032F4FE /* Info.plist */,
			);
			path = SwiftTargetUITests;
			sourceTree = "<group>";
		};
/* End PBXGroup section */

/* Begin PBXNativeTarget section */
		F79B29181F3D45C100281DF3 /* FirstTarget */ = {
			isa = PBXNativeTarget;
			buildConfigurationList = F79B29461F3D45C200281DF3 /* Build configuration list for PBXNativeTarget "FirstTarget" */;
			buildPhases = (
				81BAF2D2CD2AD531BBF18309 /* [CP] Check Pods Manifest.lock */,
				F79B29151F3D45C100281DF3 /* Sources */,
				F79B29161F3D45C100281DF3 /* Frameworks */,
				F79B29171F3D45C100281DF3 /* Resources */,
				79557DA0120A6661AA675FB0 /* [CP] Embed Pods Frameworks */,
				D8D618774097CD0ED4B1F9DC /* [CP] Copy Pods Resources */,
			);
			buildRules = (
			);
			dependencies = (
			);
			name = FirstTarget;
			productName = AProjectManyTargets;
			productReference = F79B29191F3D45C100281DF3 /* FirstTarget.app */;
			productType = "com.apple.product-type.application";
		};
		F79B29311F3D45C200281DF3 /* AProjectManyTargetsTests */ = {
			isa = PBXNativeTarget;
			buildConfigurationList = F79B29491F3D45C200281DF3 /* Build configuration list for PBXNativeTarget "AProjectManyTargetsTests" */;
			buildPhases = (
				F79B292E1F3D45C200281DF3 /* Sources */,
				F79B292F1F3D45C200281DF3 /* Frameworks */,
				F79B29301F3D45C200281DF3 /* Resources */,
			);
			buildRules = (
			);
			dependencies = (
				F79B29341F3D45C200281DF3 /* PBXTargetDependency */,
			);
			name = AProjectManyTargetsTests;
			productName = AProjectManyTargetsTests;
			productReference = F79B29321F3D45C200281DF3 /* AProjectManyTargetsTests.xctest */;
			productType = "com.apple.product-type.bundle.unit-test";
		};
		F79B293C1F3D45C200281DF3 /* AProjectManyTargetsUITests */ = {
			isa = PBXNativeTarget;
			buildConfigurationList = F79B294C1F3D45C200281DF3 /* Build configuration list for PBXNativeTarget "AProjectManyTargetsUITests" */;
			buildPhases = (
				F79B29391F3D45C200281DF3 /* Sources */,
				F79B293A1F3D45C200281DF3 /* Frameworks */,
				F79B293B1F3D45C200281DF3 /* Resources */,
			);
			buildRules = (
			);
			dependencies = (
				F79B293F1F3D45C200281DF3 /* PBXTargetDependency */,
			);
			name = AProjectManyTargetsUITests;
			productName = AProjectManyTargetsUITests;
			productReference = F79B293D1F3D45C200281DF3 /* AProjectManyTargetsUITests.xctest */;
			productType = "com.apple.product-type.bundle.ui-testing";
		};
		F79B294F1F3D460300281DF3 /* SecondTarget */ = {
			isa = PBXNativeTarget;
			buildConfigurationList = F79B29591F3D460300281DF3 /* Build configuration list for PBXNativeTarget "SecondTarget" */;
			buildPhases = (
				361590C00BBF8CD39F3812EE /* [CP] Check Pods Manifest.lock */,
				F79B29501F3D460300281DF3 /* Sources */,
				F79B29541F3D460300281DF3 /* Frameworks */,
				F79B29551F3D460300281DF3 /* Resources */,
				62F92171795360EE86B5EB5C /* [CP] Embed Pods Frameworks */,
				6E4E84FC07FF1177067DE0DF /* [CP] Copy Pods Resources */,
			);
			buildRules = (
			);
			dependencies = (
			);
			name = SecondTarget;
			productName = AProjectManyTargets;
			productReference = F79B295C1F3D460300281DF3 /* SecondTarget.app */;
			productType = "com.apple.product-type.application";
		};
		F7A616381F428C9C0032F4FE /* NewTarget */ = {
			isa = PBXNativeTarget;
			buildConfigurationList = F7A616691F428C9C0032F4FE /* Build configuration list for PBXNativeTarget "NewTarget" */;
			buildPhases = (
				F7A616351F428C9C0032F4FE /* Sources */,
				F7A616361F428C9C0032F4FE /* Frameworks */,
				F7A616371F428C9C0032F4FE /* Resources */,
			);
			buildRules = (
			);
			dependencies = (
			);
			name = NewTarget;
			productName = NewTarget;
			productReference = F7A616391F428C9C0032F4FE /* NewTarget.app */;
			productType = "com.apple.product-type.application";
		};
		F7A616501F428C9C0032F4FE /* NewTargetTests */ = {
			isa = PBXNativeTarget;
			buildConfigurationList = F7A6166A1F428C9C0032F4FE /* Build configuration list for PBXNativeTarget "NewTargetTests" */;
			buildPhases = (
				F7A6164D1F428C9C0032F4FE /* Sources */,
				F7A6164E1F428C9C0032F4FE /* Frameworks */,
				F7A6164F1F428C9C0032F4FE /* Resources */,
			);
			buildRules = (
			);
			dependencies = (
				F7A616531F428C9C0032F4FE /* PBXTargetDependency */,
			);
			name = NewTargetTests;
			productName = NewTargetTests;
			productReference = F7A616511F428C9C0032F4FE /* NewTargetTests.xctest */;
			productType = "com.apple.product-type.bundle.unit-test";
		};
		F7A6165B1F428C9C0032F4FE /* NewTargetUITests */ = {
			isa = PBXNativeTarget;
			buildConfigurationList = F7A6166B1F428C9C0032F4FE /* Build configuration list for PBXNativeTarget "NewTargetUITests" */;
			buildPhases = (
				F7A616581F428C9C0032F4FE /* Sources */,
				F7A616591F428C9C0032F4FE /* Frameworks */,
				F7A6165A1F428C9C0032F4FE /* Resources */,
			);
			buildRules = (
			);
			dependencies = (
				F7A6165E1F428C9C0032F4FE /* PBXTargetDependency */,
			);
			name = NewTargetUITests;
			productName = NewTargetUITests;
			productReference = F7A6165C1F428C9C0032F4FE /* NewTargetUITests.xctest */;
			productType = "com.apple.product-type.bundle.ui-testing";
		};
		F7A616781F42D4580032F4FE /* SwiftTarget */ = {
			isa = PBXNativeTarget;
			buildConfigurationList = F7A6169E1F42D4590032F4FE /* Build configuration list for PBXNativeTarget "SwiftTarget" */;
			buildPhases = (
				F7A616751F42D4580032F4FE /* Sources */,
				F7A616761F42D4580032F4FE /* Frameworks */,
				F7A616771F42D4580032F4FE /* Resources */,
			);
			buildRules = (
			);
			dependencies = (
			);
			name = SwiftTarget;
			productName = SwiftTarget;
			productReference = F7A616791F42D4580032F4FE /* SwiftTarget.app */;
			productType = "com.apple.product-type.application";
		};
		F7A6168B1F42D4590032F4FE /* SwiftTargetTests */ = {
			isa = PBXNativeTarget;
			buildConfigurationList = F7A616A11F42D4590032F4FE /* Build configuration list for PBXNativeTarget "SwiftTargetTests" */;
			buildPhases = (
				F7A616881F42D4590032F4FE /* Sources */,
				F7A616891F42D4590032F4FE /* Frameworks */,
				F7A6168A1F42D4590032F4FE /* Resources */,
			);
			buildRules = (
			);
			dependencies = (
				F7A6168E1F42D4590032F4FE /* PBXTargetDependency */,
			);
			name = SwiftTargetTests;
			productName = SwiftTargetTests;
			productReference = F7A6168C1F42D4590032F4FE /* SwiftTargetTests.xctest */;
			productType = "com.apple.product-type.bundle.unit-test";
		};
		F7A616961F42D4590032F4FE /* SwiftTargetUITests */ = {
			isa = PBXNativeTarget;
			buildConfigurationList = F7A616A41F42D4590032F4FE /* Build configuration list for PBXNativeTarget "SwiftTargetUITests" */;
			buildPhases = (
				F7A616931F42D4590032F4FE /* Sources */,
				F7A616941F42D4590032F4FE /* Frameworks */,
				F7A616951F42D4590032F4FE /* Resources */,
			);
			buildRules = (
			);
			dependencies = (
				F7A616991F42D4590032F4FE /* PBXTargetDependency */,
			);
			name = SwiftTargetUITests;
			productName = SwiftTargetUITests;
			productReference = F7A616971F42D4590032F4FE /* SwiftTargetUITests.xctest */;
			productType = "com.apple.product-type.bundle.ui-testing";
		};
		F7A616A81F42DB5A0032F4FE /* AnotherSwiftTarget */ = {
			isa = PBXNativeTarget;
			buildConfigurationList = F7A616B21F42DB5A0032F4FE /* Build configuration list for PBXNativeTarget "AnotherSwiftTarget" */;
			buildPhases = (
				F7A616A91F42DB5A0032F4FE /* Sources */,
				F7A616AC1F42DB5A0032F4FE /* Frameworks */,
				F7A616AD1F42DB5A0032F4FE /* Resources */,
			);
			buildRules = (
			);
			dependencies = (
			);
			name = AnotherSwiftTarget;
			productName = SwiftTarget;
			productReference = F7A616B51F42DB5A0032F4FE /* AnotherSwiftTarget.app */;
			productType = "com.apple.product-type.application";
		};
/* End PBXNativeTarget section */

/* Begin PBXProject section */
		F79B29111F3D45C100281DF3 /* Project object */ = {
			isa = PBXProject;
			attributes = {
				LastSwiftUpdateCheck = 0830;
				LastUpgradeCheck = 0830;
				ORGANIZATIONNAME = DAQSoft;
				TargetAttributes = {
					F79B29181F3D45C100281DF3 = {
						CreatedOnToolsVersion = 8.3.3;
						DevelopmentTeam = YC78659G27;
						ProvisioningStyle = Automatic;
					};
					F79B29311F3D45C200281DF3 = {
						CreatedOnToolsVersion = 8.3.3;
						DevelopmentTeam = YC78659G27;
						ProvisioningStyle = Automatic;
						TestTargetID = F79B29181F3D45C100281DF3;
					};
					F79B293C1F3D45C200281DF3 = {
						CreatedOnToolsVersion = 8.3.3;
						DevelopmentTeam = YC78659G27;
						ProvisioningStyle = Automatic;
						TestTargetID = F79B29181F3D45C100281DF3;
					};
					F79B294F1F3D460300281DF3 = {
						DevelopmentTeam = YC78659G27;
					};
					F7A616381F428C9C0032F4FE = {
						CreatedOnToolsVersion = 8.3.3;
						DevelopmentTeam = YC78659G27;
						ProvisioningStyle = Automatic;
					};
					F7A616501F428C9C0032F4FE = {
						CreatedOnToolsVersion = 8.3.3;
						DevelopmentTeam = YC78659G27;
						ProvisioningStyle = Automatic;
						TestTargetID = F7A616381F428C9C0032F4FE;
					};
					F7A6165B1F428C9C0032F4FE = {
						CreatedOnToolsVersion = 8.3.3;
						DevelopmentTeam = YC78659G27;
						ProvisioningStyle = Automatic;
						TestTargetID = F7A616381F428C9C0032F4FE;
					};
					F7A616781F42D4580032F4FE = {
						CreatedOnToolsVersion = 8.3.3;
						DevelopmentTeam = YC78659G27;
						ProvisioningStyle = Automatic;
					};
					F7A6168B1F42D4590032F4FE = {
						CreatedOnToolsVersion = 8.3.3;
						DevelopmentTeam = YC78659G27;
						ProvisioningStyle = Automatic;
						TestTargetID = F7A616781F42D4580032F4FE;
					};
					F7A616961F42D4590032F4FE = {
						CreatedOnToolsVersion = 8.3.3;
						DevelopmentTeam = YC78659G27;
						ProvisioningStyle = Automatic;
						TestTargetID = F7A616781F42D4580032F4FE;
					};
					F7A616A81F42DB5A0032F4FE = {
						DevelopmentTeam = YC78659G27;
					};
				};
			};
			buildConfigurationList = F79B29141F3D45C100281DF3 /* Build configuration list for PBXProject "AProjectManyTargets" */;
			compatibilityVersion = "Xcode 3.2";
			developmentRegion = English;
			hasScannedForEncodings = 0;
			knownRegions = (
				en,
				Base,
			);
			mainGroup = F79B29101F3D45C100281DF3;
			productRefGroup = F79B291A1F3D45C100281DF3 /* Products */;
			projectDirPath = "";
			projectRoot = "";
			targets = (
				F79B29181F3D45C100281DF3 /* FirstTarget */,
				F79B294F1F3D460300281DF3 /* SecondTarget */,
				F79B29311F3D45C200281DF3 /* AProjectManyTargetsTests */,
				F79B293C1F3D45C200281DF3 /* AProjectManyTargetsUITests */,
				F7A616381F428C9C0032F4FE /* NewTarget */,
				F7A616501F428C9C0032F4FE /* NewTargetTests */,
				F7A6165B1F428C9C0032F4FE /* NewTargetUITests */,
				F7A616781F42D4580032F4FE /* SwiftTarget */,
				F7A6168B1F42D4590032F4FE /* SwiftTargetTests */,
				F7A616961F42D4590032F4FE /* SwiftTargetUITests */,
				F7A616A81F42DB5A0032F4FE /* AnotherSwiftTarget */,
			);
		};
/* End PBXProject section */

/* Begin PBXResourcesBuildPhase section */
		F79B29171F3D45C100281DF3 /* Resources */ = {
			isa = PBXResourcesBuildPhase;
			buildActionMask = 2147483647;
			files = (
				F79B29661F3D829600281DF3 /* FirstTarget-LaunchScreen.storyboard in Resources */,
				F79B29271F3D45C200281DF3 /* Main.storyboard in Resources */,
				F79B29701F3D980C00281DF3 /* DemoViewController.xib in Resources */,
				F79B29731F3DA17400281DF3 /* Assets.xcassets in Resources */,
			);
			runOnlyForDeploymentPostprocessing = 0;
		};
		F79B29301F3D45C200281DF3 /* Resources */ = {
			isa = PBXResourcesBuildPhase;
			buildActionMask = 2147483647;
			files = (
			);
			runOnlyForDeploymentPostprocessing = 0;
		};
		F79B293B1F3D45C200281DF3 /* Resources */ = {
			isa = PBXResourcesBuildPhase;
			buildActionMask = 2147483647;
			files = (
			);
			runOnlyForDeploymentPostprocessing = 0;
		};
		F79B29551F3D460300281DF3 /* Resources */ = {
			isa = PBXResourcesBuildPhase;
			buildActionMask = 2147483647;
			files = (
				F79B29681F3D82B500281DF3 /* SecondTarget-LaunchScreen.storyboard in Resources */,
				F79B29581F3D460300281DF3 /* Main.storyboard in Resources */,
				F79B296E1F3D96BC00281DF3 /* DemoViewController.xib in Resources */,
				F79B29721F3DA09700281DF3 /* Assets.xcassets in Resources */,
			);
			runOnlyForDeploymentPostprocessing = 0;
		};
		F7A616371F428C9C0032F4FE /* Resources */ = {
			isa = PBXResourcesBuildPhase;
			buildActionMask = 2147483647;
			files = (
				F7A6164B1F428C9C0032F4FE /* LaunchScreen.storyboard in Resources */,
				F7A616741F42A3AC0032F4FE /* Main.storyboard in Resources */,
				F7A6166F1F429C9B0032F4FE /* Assets.xcassets in Resources */,
				F7A616731F42A3A60032F4FE /* DemoViewController.xib in Resources */,
			);
			runOnlyForDeploymentPostprocessing = 0;
		};
		F7A6164F1F428C9C0032F4FE /* Resources */ = {
			isa = PBXResourcesBuildPhase;
			buildActionMask = 2147483647;
			files = (
			);
			runOnlyForDeploymentPostprocessing = 0;
		};
		F7A6165A1F428C9C0032F4FE /* Resources */ = {
			isa = PBXResourcesBuildPhase;
			buildActionMask = 2147483647;
			files = (
			);
			runOnlyForDeploymentPostprocessing = 0;
		};
		F7A616771F42D4580032F4FE /* Resources */ = {
			isa = PBXResourcesBuildPhase;
			buildActionMask = 2147483647;
			files = (
				F7A616861F42D4590032F4FE /* LaunchScreen.storyboard in Resources */,
				F7A616831F42D4590032F4FE /* Assets.xcassets in Resources */,
				F7A616811F42D4590032F4FE /* Main.storyboard in Resources */,
			);
			runOnlyForDeploymentPostprocessing = 0;
		};
		F7A6168A1F42D4590032F4FE /* Resources */ = {
			isa = PBXResourcesBuildPhase;
			buildActionMask = 2147483647;
			files = (
			);
			runOnlyForDeploymentPostprocessing = 0;
		};
		F7A616951F42D4590032F4FE /* Resources */ = {
			isa = PBXResourcesBuildPhase;
			buildActionMask = 2147483647;
			files = (
			);
			runOnlyForDeploymentPostprocessing = 0;
		};
		F7A616AD1F42DB5A0032F4FE /* Resources */ = {
			isa = PBXResourcesBuildPhase;
			buildActionMask = 2147483647;
			files = (
				F7A616AF1F42DB5A0032F4FE /* LaunchScreen.storyboard in Resources */,
				F7A616B01F42DB5A0032F4FE /* Assets.xcassets in Resources */,
				F7A616B11F42DB5A0032F4FE /* Main.storyboard in Resources */,
			);
			runOnlyForDeploymentPostprocessing = 0;
		};
/* End PBXResourcesBuildPhase section */

/* Begin PBXShellScriptBuildPhase section */
		361590C00BBF8CD39F3812EE /* [CP] Check Pods Manifest.lock */ = {
			isa = PBXShellScriptBuildPhase;
			buildActionMask = 2147483647;
			files = (
			);
			inputPaths = (
				"${PODS_PODFILE_DIR_PATH}/Podfile.lock",
				"${PODS_ROOT}/Manifest.lock",
			);
			name = "[CP] Check Pods Manifest.lock";
			outputPaths = (
				"$(DERIVED_FILE_DIR)/Pods-SecondTarget-checkManifestLockResult.txt",
			);
			runOnlyForDeploymentPostprocessing = 0;
			shellPath = /bin/sh;
			shellScript = "diff \"${PODS_PODFILE_DIR_PATH}/Podfile.lock\" \"${PODS_ROOT}/Manifest.lock\" > /dev/null\nif [ $? != 0 ] ; then\n    # print error to STDERR\n    echo \"error: The sandbox is not in sync with the Podfile.lock. Run 'pod install' or update your CocoaPods installation.\" >&2\n    exit 1\nfi\n# This output is used by Xcode 'outputs' to avoid re-running this script phase.\necho \"SUCCESS\" > \"${SCRIPT_OUTPUT_FILE_0}\"\n";
			showEnvVarsInLog = 0;
		};
		62F92171795360EE86B5EB5C /* [CP] Embed Pods Frameworks */ = {
			isa = PBXShellScriptBuildPhase;
			buildActionMask = 2147483647;
			files = (
			);
			inputPaths = (
				"${SRCROOT}/Pods/Target Support Files/Pods-SecondTarget/Pods-SecondTarget-frameworks.sh",
				"${BUILT_PRODUCTS_DIR}/SVProgressHUD/SVProgressHUD.framework",
			);
			name = "[CP] Embed Pods Frameworks";
			outputPaths = (
				"${TARGET_BUILD_DIR}/${FRAMEWORKS_FOLDER_PATH}/SVProgressHUD.framework",
			);
			runOnlyForDeploymentPostprocessing = 0;
			shellPath = /bin/sh;
			shellScript = "\"${SRCROOT}/Pods/Target Support Files/Pods-SecondTarget/Pods-SecondTarget-frameworks.sh\"\n";
			showEnvVarsInLog = 0;
		};
		6E4E84FC07FF1177067DE0DF /* [CP] Copy Pods Resources */ = {
			isa = PBXShellScriptBuildPhase;
			buildActionMask = 2147483647;
			files = (
			);
			inputPaths = (
			);
			name = "[CP] Copy Pods Resources";
			outputPaths = (
			);
			runOnlyForDeploymentPostprocessing = 0;
			shellPath = /bin/sh;
			shellScript = "\"${SRCROOT}/Pods/Target Support Files/Pods-SecondTarget/Pods-SecondTarget-resources.sh\"\n";
			showEnvVarsInLog = 0;
		};
		79557DA0120A6661AA675FB0 /* [CP] Embed Pods Frameworks */ = {
			isa = PBXShellScriptBuildPhase;
			buildActionMask = 2147483647;
			files = (
			);
			inputPaths = (
				"${SRCROOT}/Pods/Target Support Files/Pods-FirstTarget/Pods-FirstTarget-frameworks.sh",
				"${BUILT_PRODUCTS_DIR}/SVProgressHUD/SVProgressHUD.framework",
			);
			name = "[CP] Embed Pods Frameworks";
			outputPaths = (
				"${TARGET_BUILD_DIR}/${FRAMEWORKS_FOLDER_PATH}/SVProgressHUD.framework",
			);
			runOnlyForDeploymentPostprocessing = 0;
			shellPath = /bin/sh;
			shellScript = "\"${SRCROOT}/Pods/Target Support Files/Pods-FirstTarget/Pods-FirstTarget-frameworks.sh\"\n";
			showEnvVarsInLog = 0;
		};
		81BAF2D2CD2AD531BBF18309 /* [CP] Check Pods Manifest.lock */ = {
			isa = PBXShellScriptBuildPhase;
			buildActionMask = 2147483647;
			files = (
			);
			inputPaths = (
				"${PODS_PODFILE_DIR_PATH}/Podfile.lock",
				"${PODS_ROOT}/Manifest.lock",
			);
			name = "[CP] Check Pods Manifest.lock";
			outputPaths = (
				"$(DERIVED_FILE_DIR)/Pods-FirstTarget-checkManifestLockResult.txt",
			);
			runOnlyForDeploymentPostprocessing = 0;
			shellPath = /bin/sh;
			shellScript = "diff \"${PODS_PODFILE_DIR_PATH}/Podfile.lock\" \"${PODS_ROOT}/Manifest.lock\" > /dev/null\nif [ $? != 0 ] ; then\n    # print error to STDERR\n    echo \"error: The sandbox is not in sync with the Podfile.lock. Run 'pod install' or update your CocoaPods installation.\" >&2\n    exit 1\nfi\n# This output is used by Xcode 'outputs' to avoid re-running this script phase.\necho \"SUCCESS\" > \"${SCRIPT_OUTPUT_FILE_0}\"\n";
			showEnvVarsInLog = 0;
		};
		D8D618774097CD0ED4B1F9DC /* [CP] Copy Pods Resources */ = {
			isa = PBXShellScriptBuildPhase;
			buildActionMask = 2147483647;
			files = (
			);
			inputPaths = (
			);
			name = "[CP] Copy Pods Resources";
			outputPaths = (
			);
			runOnlyForDeploymentPostprocessing = 0;
			shellPath = /bin/sh;
			shellScript = "\"${SRCROOT}/Pods/Target Support Files/Pods-FirstTarget/Pods-FirstTarget-resources.sh\"\n";
			showEnvVarsInLog = 0;
		};
/* End PBXShellScriptBuildPhase section */

/* Begin PBXSourcesBuildPhase section */
		F79B29151F3D45C100281DF3 /* Sources */ = {
			isa = PBXSourcesBuildPhase;
			buildActionMask = 2147483647;
			files = (
				F79B29241F3D45C200281DF3 /* ViewController.m in Sources */,
				F79B29211F3D45C100281DF3 /* AppDelegate.m in Sources */,
				F79B291E1F3D45C100281DF3 /* main.m in Sources */,
				F79B296F1F3D980900281DF3 /* DemoViewController.m in Sources */,
			);
			runOnlyForDeploymentPostprocessing = 0;
		};
		F79B292E1F3D45C200281DF3 /* Sources */ = {
			isa = PBXSourcesBuildPhase;
			buildActionMask = 2147483647;
			files = (
				F79B29371F3D45C200281DF3 /* AProjectManyTargetsTests.m in Sources */,
			);
			runOnlyForDeploymentPostprocessing = 0;
		};
		F79B29391F3D45C200281DF3 /* Sources */ = {
			isa = PBXSourcesBuildPhase;
			buildActionMask = 2147483647;
			files = (
				F79B29421F3D45C200281DF3 /* AProjectManyTargetsUITests.m in Sources */,
			);
			runOnlyForDeploymentPostprocessing = 0;
		};
		F79B29501F3D460300281DF3 /* Sources */ = {
			isa = PBXSourcesBuildPhase;
			buildActionMask = 2147483647;
			files = (
				F79B29511F3D460300281DF3 /* ViewController.m in Sources */,
				F79B29521F3D460300281DF3 /* AppDelegate.m in Sources */,
				F79B29531F3D460300281DF3 /* main.m in Sources */,
				F79B296D1F3D96BC00281DF3 /* DemoViewController.m in Sources */,
			);
			runOnlyForDeploymentPostprocessing = 0;
		};
		F7A616351F428C9C0032F4FE /* Sources */ = {
			isa = PBXSourcesBuildPhase;
			buildActionMask = 2147483647;
			files = (
				F7A6166E1F4298410032F4FE /* main.m in Sources */,
				F7A616401F428C9C0032F4FE /* NewAppDelegate.m in Sources */,
				F7A616711F42A39D0032F4FE /* ViewController.m in Sources */,
				F7A616721F42A3A00032F4FE /* DemoViewController.m in Sources */,
				F7A616701F42A39A0032F4FE /* AppDelegate.m in Sources */,
			);
			runOnlyForDeploymentPostprocessing = 0;
		};
		F7A6164D1F428C9C0032F4FE /* Sources */ = {
			isa = PBXSourcesBuildPhase;
			buildActionMask = 2147483647;
			files = (
				F7A616561F428C9C0032F4FE /* NewTargetTests.m in Sources */,
			);
			runOnlyForDeploymentPostprocessing = 0;
		};
		F7A616581F428C9C0032F4FE /* Sources */ = {
			isa = PBXSourcesBuildPhase;
			buildActionMask = 2147483647;
			files = (
				F7A616611F428C9C0032F4FE /* NewTargetUITests.m in Sources */,
			);
			runOnlyForDeploymentPostprocessing = 0;
		};
		F7A616751F42D4580032F4FE /* Sources */ = {
			isa = PBXSourcesBuildPhase;
			buildActionMask = 2147483647;
			files = (
				F7A6167E1F42D4590032F4FE /* ViewController.swift in Sources */,
				F7A6167C1F42D4580032F4FE /* AppDelegate.swift in Sources */,
			);
			runOnlyForDeploymentPostprocessing = 0;
		};
		F7A616881F42D4590032F4FE /* Sources */ = {
			isa = PBXSourcesBuildPhase;
			buildActionMask = 2147483647;
			files = (
				F7A616911F42D4590032F4FE /* SwiftTargetTests.swift in Sources */,
			);
			runOnlyForDeploymentPostprocessing = 0;
		};
		F7A616931F42D4590032F4FE /* Sources */ = {
			isa = PBXSourcesBuildPhase;
			buildActionMask = 2147483647;
			files = (
				F7A6169C1F42D4590032F4FE /* SwiftTargetUITests.swift in Sources */,
			);
			runOnlyForDeploymentPostprocessing = 0;
		};
		F7A616A91F42DB5A0032F4FE /* Sources */ = {
			isa = PBXSourcesBuildPhase;
			buildActionMask = 2147483647;
			files = (
				F7A616AA1F42DB5A0032F4FE /* ViewController.swift in Sources */,
				F7A616AB1F42DB5A0032F4FE /* AppDelegate.swift in Sources */,
			);
			runOnlyForDeploymentPostprocessing = 0;
		};
/* End PBXSourcesBuildPhase section */

/* Begin PBXTargetDependency section */
		F79B29341F3D45C200281DF3 /* PBXTargetDependency */ = {
			isa = PBXTargetDependency;
			target = F79B29181F3D45C100281DF3 /* FirstTarget */;
			targetProxy = F79B29331F3D45C200281DF3 /* PBXContainerItemProxy */;
		};
		F79B293F1F3D45C200281DF3 /* PBXTargetDependency */ = {
			isa = PBXTargetDependency;
			target = F79B29181F3D45C100281DF3 /* FirstTarget */;
			targetProxy = F79B293E1F3D45C200281DF3 /* PBXContainerItemProxy */;
		};
		F7A616531F428C9C0032F4FE /* PBXTargetDependency */ = {
			isa = PBXTargetDependency;
			target = F7A616381F428C9C0032F4FE /* NewTarget */;
			targetProxy = F7A616521F428C9C0032F4FE /* PBXContainerItemProxy */;
		};
		F7A6165E1F428C9C0032F4FE /* PBXTargetDependency */ = {
			isa = PBXTargetDependency;
			target = F7A616381F428C9C0032F4FE /* NewTarget */;
			targetProxy = F7A6165D1F428C9C0032F4FE /* PBXContainerItemProxy */;
		};
		F7A6168E1F42D4590032F4FE /* PBXTargetDependency */ = {
			isa = PBXTargetDependency;
			target = F7A616781F42D4580032F4FE /* SwiftTarget */;
			targetProxy = F7A6168D1F42D4590032F4FE /* PBXContainerItemProxy */;
		};
		F7A616991F42D4590032F4FE /* PBXTargetDependency */ = {
			isa = PBXTargetDependency;
			target = F7A616781F42D4580032F4FE /* SwiftTarget */;
			targetProxy = F7A616981F42D4590032F4FE /* PBXContainerItemProxy */;
		};
/* End PBXTargetDependency section */

/* Begin PBXVariantGroup section */
		F79B29251F3D45C200281DF3 /* Main.storyboard */ = {
			isa = PBXVariantGroup;
			children = (
				F79B29261F3D45C200281DF3 /* Base */,
			);
			name = Main.storyboard;
			sourceTree = "<group>";
		};
		F7A616491F428C9C0032F4FE /* LaunchScreen.storyboard */ = {
			isa = PBXVariantGroup;
			children = (
				F7A6164A1F428C9C0032F4FE /* Base */,
			);
			name = LaunchScreen.storyboard;
			sourceTree = "<group>";
		};
		F7A6167F1F42D4590032F4FE /* Main.storyboard */ = {
			isa = PBXVariantGroup;
			children = (
				F7A616801F42D4590032F4FE /* Base */,
			);
			name = Main.storyboard;
			sourceTree = "<group>";
		};
		F7A616841F42D4590032F4FE /* LaunchScreen.storyboard */ = {
			isa = PBXVariantGroup;
			children = (
				F7A616851F42D4590032F4FE /* Base */,
			);
			name = LaunchScreen.storyboard;
			sourceTree = "<group>";
		};
/* End PBXVariantGroup section */

/* Begin XCBuildConfiguration section */
		F79B29441F3D45C200281DF3 /* Debug */ = {
			isa = XCBuildConfiguration;
			buildSettings = {
				ALWAYS_SEARCH_USER_PATHS = NO;
				CLANG_ANALYZER_NONNULL = YES;
				CLANG_ANALYZER_NUMBER_OBJECT_CONVERSION = YES_AGGRESSIVE;
				CLANG_CXX_LANGUAGE_STANDARD = "gnu++0x";
				CLANG_CXX_LIBRARY = "libc++";
				CLANG_ENABLE_MODULES = YES;
				CLANG_ENABLE_OBJC_ARC = YES;
				CLANG_WARN_BOOL_CONVERSION = YES;
				CLANG_WARN_CONSTANT_CONVERSION = YES;
				CLANG_WARN_DIRECT_OBJC_ISA_USAGE = YES_ERROR;
				CLANG_WARN_DOCUMENTATION_COMMENTS = YES;
				CLANG_WARN_EMPTY_BODY = YES;
				CLANG_WARN_ENUM_CONVERSION = YES;
				CLANG_WARN_INFINITE_RECURSION = YES;
				CLANG_WARN_INT_CONVERSION = YES;
				CLANG_WARN_OBJC_ROOT_CLASS = YES_ERROR;
				CLANG_WARN_SUSPICIOUS_MOVE = YES;
				CLANG_WARN_UNREACHABLE_CODE = YES;
				CLANG_WARN__DUPLICATE_METHOD_MATCH = YES;
				"CODE_SIGN_IDENTITY[sdk=iphoneos*]" = "iPhone Developer";
				COPY_PHASE_STRIP = NO;
				DEBUG_INFORMATION_FORMAT = dwarf;
				ENABLE_STRICT_OBJC_MSGSEND = YES;
				ENABLE_TESTABILITY = YES;
				GCC_C_LANGUAGE_STANDARD = gnu99;
				GCC_DYNAMIC_NO_PIC = NO;
				GCC_NO_COMMON_BLOCKS = YES;
				GCC_OPTIMIZATION_LEVEL = 0;
				GCC_PREPROCESSOR_DEFINITIONS = (
					"DEBUG=1",
					"$(inherited)",
				);
				GCC_WARN_64_TO_32_BIT_CONVERSION = YES;
				GCC_WARN_ABOUT_RETURN_TYPE = YES_ERROR;
				GCC_WARN_UNDECLARED_SELECTOR = YES;
				GCC_WARN_UNINITIALIZED_AUTOS = YES_AGGRESSIVE;
				GCC_WARN_UNUSED_FUNCTION = YES;
				GCC_WARN_UNUSED_VARIABLE = YES;
				IPHONEOS_DEPLOYMENT_TARGET = 10.3;
				MTL_ENABLE_DEBUG_INFO = YES;
				ONLY_ACTIVE_ARCH = YES;
				SDKROOT = iphoneos;
			};
			name = Debug;
		};
		F79B29451F3D45C200281DF3 /* Release */ = {
			isa = XCBuildConfiguration;
			buildSettings = {
				ALWAYS_SEARCH_USER_PATHS = NO;
				CLANG_ANALYZER_NONNULL = YES;
				CLANG_ANALYZER_NUMBER_OBJECT_CONVERSION = YES_AGGRESSIVE;
				CLANG_CXX_LANGUAGE_STANDARD = "gnu++0x";
				CLANG_CXX_LIBRARY = "libc++";
				CLANG_ENABLE_MODULES = YES;
				CLANG_ENABLE_OBJC_ARC = YES;
				CLANG_WARN_BOOL_CONVERSION = YES;
				CLANG_WARN_CONSTANT_CONVERSION = YES;
				CLANG_WARN_DIRECT_OBJC_ISA_USAGE = YES_ERROR;
				CLANG_WARN_DOCUMENTATION_COMMENTS = YES;
				CLANG_WARN_EMPTY_BODY = YES;
				CLANG_WARN_ENUM_CONVERSION = YES;
				CLANG_WARN_INFINITE_RECURSION = YES;
				CLANG_WARN_INT_CONVERSION = YES;
				CLANG_WARN_OBJC_ROOT_CLASS = YES_ERROR;
				CLANG_WARN_SUSPICIOUS_MOVE = YES;
				CLANG_WARN_UNREACHABLE_CODE = YES;
				CLANG_WARN__DUPLICATE_METHOD_MATCH = YES;
				"CODE_SIGN_IDENTITY[sdk=iphoneos*]" = "iPhone Developer";
				COPY_PHASE_STRIP = NO;
				DEBUG_INFORMATION_FORMAT = "dwarf-with-dsym";
				ENABLE_NS_ASSERTIONS = NO;
				ENABLE_STRICT_OBJC_MSGSEND = YES;
				GCC_C_LANGUAGE_STANDARD = gnu99;
				GCC_NO_COMMON_BLOCKS = YES;
				GCC_WARN_64_TO_32_BIT_CONVERSION = YES;
				GCC_WARN_ABOUT_RETURN_TYPE = YES_ERROR;
				GCC_WARN_UNDECLARED_SELECTOR = YES;
				GCC_WARN_UNINITIALIZED_AUTOS = YES_AGGRESSIVE;
				GCC_WARN_UNUSED_FUNCTION = YES;
				GCC_WARN_UNUSED_VARIABLE = YES;
				IPHONEOS_DEPLOYMENT_TARGET = 10.3;
				MTL_ENABLE_DEBUG_INFO = NO;
				SDKROOT = iphoneos;
				VALIDATE_PRODUCT = YES;
			};
			name = Release;
		};
		F79B29471F3D45C200281DF3 /* Debug */ = {
			isa = XCBuildConfiguration;
			baseConfigurationReference = 9B056D8B8BD1E50D4E47F806 /* Pods-FirstTarget.debug.xcconfig */;
			buildSettings = {
				ASSETCATALOG_COMPILER_APPICON_NAME = "FirstTarget-AppIcon";
				DEVELOPMENT_TEAM = YC78659G27;
				GCC_PREPROCESSOR_DEFINITIONS = (
					"$(inherited)",
					"COCOAPODS=1",
					FirstTarget,
				);
				INFOPLIST_FILE = "$(SRCROOT)/AProjectManyTargets/TargetConfiguration/FirstTarget/FirstTarget-Info.plist";
				LD_RUNPATH_SEARCH_PATHS = "$(inherited) @executable_path/Frameworks";
				PRODUCT_BUNDLE_IDENTIFIER = com.daqsoft.ios.add.FirstTarget;
				PRODUCT_NAME = "$(TARGET_NAME)";
			};
			name = Debug;
		};
		F79B29481F3D45C200281DF3 /* Release */ = {
			isa = XCBuildConfiguration;
			baseConfigurationReference = 0755FA0E85C976B42C144F6C /* Pods-FirstTarget.release.xcconfig */;
			buildSettings = {
				ASSETCATALOG_COMPILER_APPICON_NAME = "FirstTarget-AppIcon";
				DEVELOPMENT_TEAM = YC78659G27;
				GCC_PREPROCESSOR_DEFINITIONS = (
					"$(inherited)",
					"COCOAPODS=1",
					FirstTarget,
				);
				INFOPLIST_FILE = "$(SRCROOT)/AProjectManyTargets/TargetConfiguration/FirstTarget/FirstTarget-Info.plist";
				LD_RUNPATH_SEARCH_PATHS = "$(inherited) @executable_path/Frameworks";
				PRODUCT_BUNDLE_IDENTIFIER = com.daqsoft.ios.add.FirstTarget;
				PRODUCT_NAME = "$(TARGET_NAME)";
			};
			name = Release;
		};
		F79B294A1F3D45C200281DF3 /* Debug */ = {
			isa = XCBuildConfiguration;
			buildSettings = {
				BUNDLE_LOADER = "$(TEST_HOST)";
				DEVELOPMENT_TEAM = YC78659G27;
				INFOPLIST_FILE = AProjectManyTargetsTests/Info.plist;
				LD_RUNPATH_SEARCH_PATHS = "$(inherited) @executable_path/Frameworks @loader_path/Frameworks";
				PRODUCT_BUNDLE_IDENTIFIER = com.daqsoft.ios.add.AProjectManyTargetsTests;
				PRODUCT_NAME = "$(TARGET_NAME)";
				TEST_HOST = "$(BUILT_PRODUCTS_DIR)/AProjectManyTargets.app/AProjectManyTargets";
			};
			name = Debug;
		};
		F79B294B1F3D45C200281DF3 /* Release */ = {
			isa = XCBuildConfiguration;
			buildSettings = {
				BUNDLE_LOADER = "$(TEST_HOST)";
				DEVELOPMENT_TEAM = YC78659G27;
				INFOPLIST_FILE = AProjectManyTargetsTests/Info.plist;
				LD_RUNPATH_SEARCH_PATHS = "$(inherited) @executable_path/Frameworks @loader_path/Frameworks";
				PRODUCT_BUNDLE_IDENTIFIER = com.daqsoft.ios.add.AProjectManyTargetsTests;
				PRODUCT_NAME = "$(TARGET_NAME)";
				TEST_HOST = "$(BUILT_PRODUCTS_DIR)/AProjectManyTargets.app/AProjectManyTargets";
			};
			name = Release;
		};
		F79B294D1F3D45C200281DF3 /* Debug */ = {
			isa = XCBuildConfiguration;
			buildSettings = {
				DEVELOPMENT_TEAM = YC78659G27;
				INFOPLIST_FILE = AProjectManyTargetsUITests/Info.plist;
				LD_RUNPATH_SEARCH_PATHS = "$(inherited) @executable_path/Frameworks @loader_path/Frameworks";
				PRODUCT_BUNDLE_IDENTIFIER = com.daqsoft.ios.add.AProjectManyTargetsUITests;
				PRODUCT_NAME = "$(TARGET_NAME)";
				TEST_TARGET_NAME = AProjectManyTargets;
			};
			name = Debug;
		};
		F79B294E1F3D45C200281DF3 /* Release */ = {
			isa = XCBuildConfiguration;
			buildSettings = {
				DEVELOPMENT_TEAM = YC78659G27;
				INFOPLIST_FILE = AProjectManyTargetsUITests/Info.plist;
				LD_RUNPATH_SEARCH_PATHS = "$(inherited) @executable_path/Frameworks @loader_path/Frameworks";
				PRODUCT_BUNDLE_IDENTIFIER = com.daqsoft.ios.add.AProjectManyTargetsUITests;
				PRODUCT_NAME = "$(TARGET_NAME)";
				TEST_TARGET_NAME = AProjectManyTargets;
			};
			name = Release;
		};
		F79B295A1F3D460300281DF3 /* Debug */ = {
			isa = XCBuildConfiguration;
			baseConfigurationReference = 83FCD31A729F7FE19A4C44ED /* Pods-SecondTarget.debug.xcconfig */;
			buildSettings = {
				ASSETCATALOG_COMPILER_APPICON_NAME = "SecondTarget-AppIcon";
				DEVELOPMENT_TEAM = YC78659G27;
				GCC_PREPROCESSOR_DEFINITIONS = (
					"$(inherited)",
					"COCOAPODS=1",
					SecondTarget,
				);
				INFOPLIST_FILE = "$(SRCROOT)/AProjectManyTargets/TargetConfiguration/SecondTarget/SecondTarget-Info.plist";
				LD_RUNPATH_SEARCH_PATHS = "$(inherited) @executable_path/Frameworks";
				PRODUCT_BUNDLE_IDENTIFIER = com.daqsoft.ios.add.SecondTarget;
				PRODUCT_NAME = "$(TARGET_NAME)";
			};
			name = Debug;
		};
		F79B295B1F3D460300281DF3 /* Release */ = {
			isa = XCBuildConfiguration;
			baseConfigurationReference = 6A5F2A060F4C55BE6D894D39 /* Pods-SecondTarget.release.xcconfig */;
			buildSettings = {
				ASSETCATALOG_COMPILER_APPICON_NAME = "SecondTarget-AppIcon";
				DEVELOPMENT_TEAM = YC78659G27;
				GCC_PREPROCESSOR_DEFINITIONS = (
					"$(inherited)",
					"COCOAPODS=1",
					SecondTarget,
				);
				INFOPLIST_FILE = "$(SRCROOT)/AProjectManyTargets/TargetConfiguration/SecondTarget/SecondTarget-Info.plist";
				LD_RUNPATH_SEARCH_PATHS = "$(inherited) @executable_path/Frameworks";
				PRODUCT_BUNDLE_IDENTIFIER = com.daqsoft.ios.add.SecondTarget;
				PRODUCT_NAME = "$(TARGET_NAME)";
			};
			name = Release;
		};
		F7A616631F428C9C0032F4FE /* Debug */ = {
			isa = XCBuildConfiguration;
			buildSettings = {
				ASSETCATALOG_COMPILER_APPICON_NAME = "NewTarget-AppIcon";
				DEVELOPMENT_TEAM = YC78659G27;
				GCC_PREPROCESSOR_DEFINITIONS = (
					"$(inherited)",
					"COCOAPODS=1",
					NewTarget,
				);
				INFOPLIST_FILE = NewTarget/Info.plist;
				LD_RUNPATH_SEARCH_PATHS = "$(inherited) @executable_path/Frameworks";
				PRODUCT_BUNDLE_IDENTIFIER = com.daqsoft.ios.add.NewTarget;
				PRODUCT_NAME = "$(TARGET_NAME)";
			};
			name = Debug;
		};
		F7A616641F428C9C0032F4FE /* Release */ = {
			isa = XCBuildConfiguration;
			buildSettings = {
				ASSETCATALOG_COMPILER_APPICON_NAME = "NewTarget-AppIcon";
				DEVELOPMENT_TEAM = YC78659G27;
				GCC_PREPROCESSOR_DEFINITIONS = (
					"$(inherited)",
					"COCOAPODS=1",
					NewTarget,
				);
				INFOPLIST_FILE = NewTarget/Info.plist;
				LD_RUNPATH_SEARCH_PATHS = "$(inherited) @executable_path/Frameworks";
				PRODUCT_BUNDLE_IDENTIFIER = com.daqsoft.ios.add.NewTarget;
				PRODUCT_NAME = "$(TARGET_NAME)";
			};
			name = Release;
		};
		F7A616651F428C9C0032F4FE /* Debug */ = {
			isa = XCBuildConfiguration;
			buildSettings = {
				BUNDLE_LOADER = "$(TEST_HOST)";
				DEVELOPMENT_TEAM = YC78659G27;
				INFOPLIST_FILE = NewTargetTests/Info.plist;
				LD_RUNPATH_SEARCH_PATHS = "$(inherited) @executable_path/Frameworks @loader_path/Frameworks";
				PRODUCT_BUNDLE_IDENTIFIER = com.daqsoft.ios.add.NewTargetTests;
				PRODUCT_NAME = "$(TARGET_NAME)";
				TEST_HOST = "$(BUILT_PRODUCTS_DIR)/NewTarget.app/NewTarget";
			};
			name = Debug;
		};
		F7A616661F428C9C0032F4FE /* Release */ = {
			isa = XCBuildConfiguration;
			buildSettings = {
				BUNDLE_LOADER = "$(TEST_HOST)";
				DEVELOPMENT_TEAM = YC78659G27;
				INFOPLIST_FILE = NewTargetTests/Info.plist;
				LD_RUNPATH_SEARCH_PATHS = "$(inherited) @executable_path/Frameworks @loader_path/Frameworks";
				PRODUCT_BUNDLE_IDENTIFIER = com.daqsoft.ios.add.NewTargetTests;
				PRODUCT_NAME = "$(TARGET_NAME)";
				TEST_HOST = "$(BUILT_PRODUCTS_DIR)/NewTarget.app/NewTarget";
			};
			name = Release;
		};
		F7A616671F428C9C0032F4FE /* Debug */ = {
			isa = XCBuildConfiguration;
			buildSettings = {
				DEVELOPMENT_TEAM = YC78659G27;
				INFOPLIST_FILE = NewTargetUITests/Info.plist;
				LD_RUNPATH_SEARCH_PATHS = "$(inherited) @executable_path/Frameworks @loader_path/Frameworks";
				PRODUCT_BUNDLE_IDENTIFIER = com.daqsoft.ios.add.NewTargetUITests;
				PRODUCT_NAME = "$(TARGET_NAME)";
				TEST_TARGET_NAME = NewTarget;
			};
			name = Debug;
		};
		F7A616681F428C9C0032F4FE /* Release */ = {
			isa = XCBuildConfiguration;
			buildSettings = {
				DEVELOPMENT_TEAM = YC78659G27;
				INFOPLIST_FILE = NewTargetUITests/Info.plist;
				LD_RUNPATH_SEARCH_PATHS = "$(inherited) @executable_path/Frameworks @loader_path/Frameworks";
				PRODUCT_BUNDLE_IDENTIFIER = com.daqsoft.ios.add.NewTargetUITests;
				PRODUCT_NAME = "$(TARGET_NAME)";
				TEST_TARGET_NAME = NewTarget;
			};
			name = Release;
		};
		F7A6169F1F42D4590032F4FE /* Debug */ = {
			isa = XCBuildConfiguration;
			buildSettings = {
				ASSETCATALOG_COMPILER_APPICON_NAME = AppIcon;
				DEVELOPMENT_TEAM = YC78659G27;
				INFOPLIST_FILE = SwiftTarget/Info.plist;
				LD_RUNPATH_SEARCH_PATHS = "$(inherited) @executable_path/Frameworks";
				OTHER_SWIFT_FLAGS = "-DSwiftTarget";
				PRODUCT_BUNDLE_IDENTIFIER = com.daqsoft.ios.add.SwiftTarget;
				PRODUCT_NAME = "$(TARGET_NAME)";
				SWIFT_ACTIVE_COMPILATION_CONDITIONS = DEBUG;
				SWIFT_OPTIMIZATION_LEVEL = "-Onone";
				SWIFT_VERSION = 3.0;
			};
			name = Debug;
		};
		F7A616A01F42D4590032F4FE /* Release */ = {
			isa = XCBuildConfiguration;
			buildSettings = {
				ASSETCATALOG_COMPILER_APPICON_NAME = AppIcon;
				DEVELOPMENT_TEAM = YC78659G27;
				INFOPLIST_FILE = SwiftTarget/Info.plist;
				LD_RUNPATH_SEARCH_PATHS = "$(inherited) @executable_path/Frameworks";
				OTHER_SWIFT_FLAGS = "-DSwiftTarget";
				PRODUCT_BUNDLE_IDENTIFIER = com.daqsoft.ios.add.SwiftTarget;
				PRODUCT_NAME = "$(TARGET_NAME)";
				SWIFT_ACTIVE_COMPILATION_CONDITIONS = "";
				SWIFT_OPTIMIZATION_LEVEL = "-Owholemodule";
				SWIFT_VERSION = 3.0;
			};
			name = Release;
		};
		F7A616A21F42D4590032F4FE /* Debug */ = {
			isa = XCBuildConfiguration;
			buildSettings = {
				ALWAYS_EMBED_SWIFT_STANDARD_LIBRARIES = YES;
				BUNDLE_LOADER = "$(TEST_HOST)";
				DEVELOPMENT_TEAM = YC78659G27;
				INFOPLIST_FILE = SwiftTargetTests/Info.plist;
				LD_RUNPATH_SEARCH_PATHS = "$(inherited) @executable_path/Frameworks @loader_path/Frameworks";
				PRODUCT_BUNDLE_IDENTIFIER = com.daqsoft.ios.add.SwiftTargetTests;
				PRODUCT_NAME = "$(TARGET_NAME)";
				SWIFT_ACTIVE_COMPILATION_CONDITIONS = DEBUG;
				SWIFT_OPTIMIZATION_LEVEL = "-Onone";
				SWIFT_VERSION = 3.0;
				TEST_HOST = "$(BUILT_PRODUCTS_DIR)/SwiftTarget.app/SwiftTarget";
			};
			name = Debug;
		};
		F7A616A31F42D4590032F4FE /* Release */ = {
			isa = XCBuildConfiguration;
			buildSettings = {
				ALWAYS_EMBED_SWIFT_STANDARD_LIBRARIES = YES;
				BUNDLE_LOADER = "$(TEST_HOST)";
				DEVELOPMENT_TEAM = YC78659G27;
				INFOPLIST_FILE = SwiftTargetTests/Info.plist;
				LD_RUNPATH_SEARCH_PATHS = "$(inherited) @executable_path/Frameworks @loader_path/Frameworks";
				PRODUCT_BUNDLE_IDENTIFIER = com.daqsoft.ios.add.SwiftTargetTests;
				PRODUCT_NAME = "$(TARGET_NAME)";
				SWIFT_OPTIMIZATION_LEVEL = "-Owholemodule";
				SWIFT_VERSION = 3.0;
				TEST_HOST = "$(BUILT_PRODUCTS_DIR)/SwiftTarget.app/SwiftTarget";
			};
			name = Release;
		};
		F7A616A51F42D4590032F4FE /* Debug */ = {
			isa = XCBuildConfiguration;
			buildSettings = {
				ALWAYS_EMBED_SWIFT_STANDARD_LIBRARIES = YES;
				DEVELOPMENT_TEAM = YC78659G27;
				INFOPLIST_FILE = SwiftTargetUITests/Info.plist;
				LD_RUNPATH_SEARCH_PATHS = "$(inherited) @executable_path/Frameworks @loader_path/Frameworks";
				PRODUCT_BUNDLE_IDENTIFIER = com.daqsoft.ios.add.SwiftTargetUITests;
				PRODUCT_NAME = "$(TARGET_NAME)";
				SWIFT_ACTIVE_COMPILATION_CONDITIONS = DEBUG;
				SWIFT_OPTIMIZATION_LEVEL = "-Onone";
				SWIFT_VERSION = 3.0;
				TEST_TARGET_NAME = SwiftTarget;
			};
			name = Debug;
		};
		F7A616A61F42D4590032F4FE /* Release */ = {
			isa = XCBuildConfiguration;
			buildSettings = {
				ALWAYS_EMBED_SWIFT_STANDARD_LIBRARIES = YES;
				DEVELOPMENT_TEAM = YC78659G27;
				INFOPLIST_FILE = SwiftTargetUITests/Info.plist;
				LD_RUNPATH_SEARCH_PATHS = "$(inherited) @executable_path/Frameworks @loader_path/Frameworks";
				PRODUCT_BUNDLE_IDENTIFIER = com.daqsoft.ios.add.SwiftTargetUITests;
				PRODUCT_NAME = "$(TARGET_NAME)";
				SWIFT_OPTIMIZATION_LEVEL = "-Owholemodule";
				SWIFT_VERSION = 3.0;
				TEST_TARGET_NAME = SwiftTarget;
			};
			name = Release;
		};
		F7A616B31F42DB5A0032F4FE /* Debug */ = {
			isa = XCBuildConfiguration;
			buildSettings = {
				ASSETCATALOG_COMPILER_APPICON_NAME = AppIcon;
				DEVELOPMENT_TEAM = YC78659G27;
				INFOPLIST_FILE = "$(SRCROOT)/SwiftTarget/AnotherSwiftTarget-Info.plist";
				LD_RUNPATH_SEARCH_PATHS = "$(inherited) @executable_path/Frameworks";
				OTHER_SWIFT_FLAGS = "-DAnotherSwiftTarget";
				PRODUCT_BUNDLE_IDENTIFIER = com.daqsoft.ios.add.AnotherSwiftTarget;
				PRODUCT_NAME = "$(TARGET_NAME)";
				SWIFT_ACTIVE_COMPILATION_CONDITIONS = DEBUG;
				SWIFT_OPTIMIZATION_LEVEL = "-Onone";
				SWIFT_VERSION = 3.0;
			};
			name = Debug;
		};
		F7A616B41F42DB5A0032F4FE /* Release */ = {
			isa = XCBuildConfiguration;
			buildSettings = {
				ASSETCATALOG_COMPILER_APPICON_NAME = AppIcon;
				DEVELOPMENT_TEAM = YC78659G27;
				INFOPLIST_FILE = "$(SRCROOT)/SwiftTarget/AnotherSwiftTarget-Info.plist";
				LD_RUNPATH_SEARCH_PATHS = "$(inherited) @executable_path/Frameworks";
				OTHER_SWIFT_FLAGS = "-DAnotherSwiftTarget";
				PRODUCT_BUNDLE_IDENTIFIER = com.daqsoft.ios.add.AnotherSwiftTarget;
				PRODUCT_NAME = "$(TARGET_NAME)";
				SWIFT_ACTIVE_COMPILATION_CONDITIONS = "";
				SWIFT_OPTIMIZATION_LEVEL = "-Owholemodule";
				SWIFT_VERSION = 3.0;
			};
			name = Release;
		};
/* End XCBuildConfiguration section */

/* Begin XCConfigurationList section */
		F79B29141F3D45C100281DF3 /* Build configuration list for PBXProject "AProjectManyTargets" */ = {
			isa = XCConfigurationList;
			buildConfigurations = (
				F79B29441F3D45C200281DF3 /* Debug */,
				F79B29451F3D45C200281DF3 /* Release */,
			);
			defaultConfigurationIsVisible = 0;
			defaultConfigurationName = Release;
		};
		F79B29461F3D45C200281DF3 /* Build configuration list for PBXNativeTarget "FirstTarget" */ = {
			isa = XCConfigurationList;
			buildConfigurations = (
				F79B29471F3D45C200281DF3 /* Debug */,
				F79B29481F3D45C200281DF3 /* Release */,
			);
			defaultConfigurationIsVisible = 0;
			defaultConfigurationName = Release;
		};
		F79B29491F3D45C200281DF3 /* Build configuration list for PBXNativeTarget "AProjectManyTargetsTests" */ = {
			isa = XCConfigurationList;
			buildConfigurations = (
				F79B294A1F3D45C200281DF3 /* Debug */,
				F79B294B1F3D45C200281DF3 /* Release */,
			);
			defaultConfigurationIsVisible = 0;
			defaultConfigurationName = Release;
		};
		F79B294C1F3D45C200281DF3 /* Build configuration list for PBXNativeTarget "AProjectManyTargetsUITests" */ = {
			isa = XCConfigurationList;
			buildConfigurations = (
				F79B294D1F3D45C200281DF3 /* Debug */,
				F79B294E1F3D45C200281DF3 /* Release */,
			);
			defaultConfigurationIsVisible = 0;
			defaultConfigurationName = Release;
		};
		F79B29591F3D460300281DF3 /* Build configuration list for PBXNativeTarget "SecondTarget" */ = {
			isa = XCConfigurationList;
			buildConfigurations = (
				F79B295A1F3D460300281DF3 /* Debug */,
				F79B295B1F3D460300281DF3 /* Release */,
			);
			defaultConfigurationIsVisible = 0;
			defaultConfigurationName = Release;
		};
		F7A616691F428C9C0032F4FE /* Build configuration list for PBXNativeTarget "NewTarget" */ = {
			isa = XCConfigurationList;
			buildConfigurations = (
				F7A616631F428C9C0032F4FE /* Debug */,
				F7A616641F428C9C0032F4FE /* Release */,
			);
			defaultConfigurationIsVisible = 0;
			defaultConfigurationName = Release;
		};
		F7A6166A1F428C9C0032F4FE /* Build configuration list for PBXNativeTarget "NewTargetTests" */ = {
			isa = XCConfigurationList;
			buildConfigurations = (
				F7A616651F428C9C0032F4FE /* Debug */,
				F7A616661F428C9C0032F4FE /* Release */,
			);
			defaultConfigurationIsVisible = 0;
			defaultConfigurationName = Release;
		};
		F7A6166B1F428C9C0032F4FE /* Build configuration list for PBXNativeTarget "NewTargetUITests" */ = {
			isa = XCConfigurationList;
			buildConfigurations = (
				F7A616671F428C9C0032F4FE /* Debug */,
				F7A616681F428C9C0032F4FE /* Release */,
			);
			defaultConfigurationIsVisible = 0;
			defaultConfigurationName = Release;
		};
		F7A6169E1F42D4590032F4FE /* Build configuration list for PBXNativeTarget "SwiftTarget" */ = {
			isa = XCConfigurationList;
			buildConfigurations = (
				F7A6169F1F42D4590032F4FE /* Debug */,
				F7A616A01F42D4590032F4FE /* Release */,
			);
			defaultConfigurationIsVisible = 0;
			defaultConfigurationName = Release;
		};
		F7A616A11F42D4590032F4FE /* Build configuration list for PBXNativeTarget "SwiftTargetTests" */ = {
			isa = XCConfigurationList;
			buildConfigurations = (
				F7A616A21F42D4590032F4FE /* Debug */,
				F7A616A31F42D4590032F4FE /* Release */,
			);
			defaultConfigurationIsVisible = 0;
			defaultConfigurationName = Release;
		};
		F7A616A41F42D4590032F4FE /* Build configuration list for PBXNativeTarget "SwiftTargetUITests" */ = {
			isa = XCConfigurationList;
			buildConfigurations = (
				F7A616A51F42D4590032F4FE /* Debug */,
				F7A616A61F42D4590032F4FE /* Release */,
			);
			defaultConfigurationIsVisible = 0;
			defaultConfigurationName = Release;
		};
		F7A616B21F42DB5A0032F4FE /* Build configuration list for PBXNativeTarget "AnotherSwiftTarget" */ = {
			isa = XCConfigurationList;
			buildConfigurations = (
				F7A616B31F42DB5A0032F4FE /* Debug */,
				F7A616B41F42DB5A0032F4FE /* Release */,
			);
			defaultConfigurationIsVisible = 0;
			defaultConfigurationName = Release;
		};
/* End XCConfigurationList section */
	};
	rootObject = F79B29111F3D45C100281DF3 /* Project object */;
}
